
Microsoft Visual Studio Solution File, Format Version 12.00
# Visual Studio 2012
Project("{FAE04EC0-301F-11D3-BF4B-00C04F79EFBC}") = "ExpendedScientificCalculator", "ExpendedScientificCalculator\ExpendedScientificCalculator.csproj", "{69748750-75EE-400F-A67A-A86667DF467D}"
EndProject
Global
	GlobalSection(SolutionConfigurationPlatforms) = preSolution
		Debug|Any CPU = Debug|Any CPU
		Release|Any CPU = Release|Any CPU
	EndGlobalSection
	GlobalSection(ProjectConfigurationPlatforms) = postSolution
		{69748750-75EE-400F-A67A-A86667DF467D}.Debug|Any CPU.ActiveCfg = Debug|Any CPU
		{69748750-75EE-400F-A67A-A86667DF467D}.Debug|Any CPU.Build.0 = Debug|Any CPU
		{69748750-75EE-400F-A67A-A86667DF467D}.Release|Any CPU.ActiveCfg = Release|Any CPU
		{69748750-75EE-400F-A67A-A86667DF467D}.Release|Any CPU.Build.0 = Release|Any CPU
	EndGlobalSection
	GlobalSection(SolutionProperties) = preSolution
		HideSolutionNode = FALSE
	EndGlobalSection
EndGlobal
